
Microsoft Visual Studio Solution File, Format Version 12.00
# Visual Studio Version 17
VisualStudioVersion = 17.8.34525.116
MinimumVisualStudioVersion = 10.0.40219.1
Project("{FAE04EC0-301F-11D3-BF4B-00C04F79EFBC}") = "DnDCharacterSheet", "DnDCharacterSheet\DnDCharacterSheet.csproj", "{058C0F09-3789-419D-9356-4D57F564E4B5}"
EndProject
Project("{FAE04EC0-301F-11D3-BF4B-00C04F79EFBC}") = "DnDTests", "DnDTests\DnDTests.csproj", "{66E44A70-171C-4E33-B388-8974D5296DFF}"
EndProject
Global
	GlobalSection(SolutionConfigurationPlatforms) = preSolution
		Debug|Any CPU = Debug|Any CPU
		Release|Any CPU = Release|Any CPU
	EndGlobalSection
	GlobalSection(ProjectConfigurationPlatforms) = postSolution
		{058C0F09-3789-419D-9356-4D57F564E4B5}.Debug|Any CPU.ActiveCfg = Debug|Any CPU
		{058C0F09-3789-419D-9356-4D57F564E4B5}.Debug|Any CPU.Build.0 = Debug|Any CPU
		{058C0F09-3789-419D-9356-4D57F564E4B5}.Release|Any CPU.ActiveCfg = Release|Any CPU
		{058C0F09-3789-419D-9356-4D57F564E4B5}.Release|Any CPU.Build.0 = Release|Any CPU
		{66E44A70-171C-4E33-B388-8974D5296DFF}.Debug|Any CPU.ActiveCfg = Debug|Any CPU
		{66E44A70-171C-4E33-B388-8974D5296DFF}.Debug|Any CPU.Build.0 = Debug|Any CPU
		{66E44A70-171C-4E33-B388-8974D5296DFF}.Release|Any CPU.ActiveCfg = Release|Any CPU
		{66E44A70-171C-4E33-B388-8974D5296DFF}.Release|Any CPU.Build.0 = Release|Any CPU
	EndGlobalSection
	GlobalSection(SolutionProperties) = preSolution
		HideSolutionNode = FALSE
	EndGlobalSection
	GlobalSection(ExtensibilityGlobals) = postSolution
		SolutionGuid = {CB885D9A-5B83-4633-9088-7B997887088B}
	EndGlobalSection
EndGlobal
